
Microsoft Visual Studio Solution File, Format Version 12.00
# Visual Studio 15
VisualStudioVersion = 15.0.28010.2036
MinimumVisualStudioVersion = 10.0.40219.1
Project("{9A19103F-16F7-4668-BE54-9A1E7A4F7556}") = "RefactorThis.Core.UnitTests", "RefactorThis.Core.UnitTests\RefactorThis.Core.UnitTests.csproj", "{DF3364E8-DE81-428F-9D3D-E745342EF390}"
EndProject
Project("{2150E333-8FDC-42A3-9474-1A3956D46DE8}") = "Solution Items", "Solution Items", "{8776AD6D-258A-4D53-99C9-71AB7E45A3F4}"
	ProjectSection(SolutionItems) = preProject
		LimitationsAndOportunities.md = LimitationsAndOportunities.md
		original-README.md = original-README.md
		README.md = README.md
		RefactoringSteps.md = RefactoringSteps.md
	EndProjectSection
EndProject
Project("{9A19103F-16F7-4668-BE54-9A1E7A4F7556}") = "RefactorThis.Core.Domain", "RefactorThis.Core.Domain\RefactorThis.Core.Domain.csproj", "{977A7F9C-5A9A-4E3D-896D-942F697E08D2}"
EndProject
Project("{9A19103F-16F7-4668-BE54-9A1E7A4F7556}") = "RefactorThis.Core.Domain.Core", "RefactorThis.Core.Domain.Core\RefactorThis.Core.Domain.Core.csproj", "{BBEB0BF9-407E-434A-AD13-A00B036E345B}"
EndProject
Project("{9A19103F-16F7-4668-BE54-9A1E7A4F7556}") = "RefactorThis.Core.Infra.Data", "RefactorThis.Core.Infra.Data\RefactorThis.Core.Infra.Data.csproj", "{5C90545F-0784-4140-BEE8-5857D89844B0}"
EndProject
Project("{9A19103F-16F7-4668-BE54-9A1E7A4F7556}") = "RefactorThis.Core.Application", "RefactorThis.Core.Application\RefactorThis.Core.Application.csproj", "{2A3ECA92-4B96-46B6-AB87-42C049CD648A}"
EndProject
Project("{9A19103F-16F7-4668-BE54-9A1E7A4F7556}") = "RefactorThis.Core.API", "RefactorThis.Core.API\RefactorThis.Core.API.csproj", "{FDD5875D-6798-471E-8C04-15325D56B6F1}"
EndProject
Project("{9A19103F-16F7-4668-BE54-9A1E7A4F7556}") = "RefactorThis.Core.Infra.CrossCutting.IoC", "RefactorThis.Core.Infra.CrossCutting.IoC\RefactorThis.Core.Infra.CrossCutting.IoC.csproj", "{BF0BAE13-8E92-421D-8AFE-4851E869E2C2}"
EndProject
Project("{9A19103F-16F7-4668-BE54-9A1E7A4F7556}") = "RefactorThis.Core.Infra.CrossCutting.Bus", "RefactorThis.Core.Infra.CrossCutting.Bus\RefactorThis.Core.Infra.CrossCutting.Bus.csproj", "{023B77D6-9F63-45DE-8B57-5EE3BECC9EC9}"
EndProject
Project("{9A19103F-16F7-4668-BE54-9A1E7A4F7556}") = "RefactorThis.Core.Infra.CrossCutting.Identity", "RefactorThis.Core.Infra.CrossCutting.Identity\RefactorThis.Core.Infra.CrossCutting.Identity.csproj", "{C484F6E3-6ED5-40BB-AB9B-01867EA0F7B5}"
EndProject
Project("{2150E333-8FDC-42A3-9474-1A3956D46DE8}") = "Domain", "Domain", "{698DB8B8-BDD9-4DD2-A01C-952859590D22}"
EndProject
Project("{2150E333-8FDC-42A3-9474-1A3956D46DE8}") = "Application", "Application", "{A1D332B9-C2E9-4ED8-8C72-A4BF23BF1A1A}"
EndProject
Project("{2150E333-8FDC-42A3-9474-1A3956D46DE8}") = "Infrastructure", "Infrastructure", "{92824769-3369-44CC-A415-3D5CA3648026}"
EndProject
Project("{2150E333-8FDC-42A3-9474-1A3956D46DE8}") = "Tests", "Tests", "{5D500F2D-6D64-4BC7-A568-4EDAA694A6DD}"
EndProject
Project("{2150E333-8FDC-42A3-9474-1A3956D46DE8}") = "Presentation", "Presentation", "{62BB20DF-ACAD-4D44-8C99-E59095CFFBE3}"
EndProject
Global
	GlobalSection(SolutionConfigurationPlatforms) = preSolution
		Debug|Any CPU = Debug|Any CPU
		Release|Any CPU = Release|Any CPU
	EndGlobalSection
	GlobalSection(ProjectConfigurationPlatforms) = postSolution
		{DF3364E8-DE81-428F-9D3D-E745342EF390}.Debug|Any CPU.ActiveCfg = Debug|Any CPU
		{DF3364E8-DE81-428F-9D3D-E745342EF390}.Debug|Any CPU.Build.0 = Debug|Any CPU
		{DF3364E8-DE81-428F-9D3D-E745342EF390}.Release|Any CPU.ActiveCfg = Release|Any CPU
		{DF3364E8-DE81-428F-9D3D-E745342EF390}.Release|Any CPU.Build.0 = Release|Any CPU
		{977A7F9C-5A9A-4E3D-896D-942F697E08D2}.Debug|Any CPU.ActiveCfg = Debug|Any CPU
		{977A7F9C-5A9A-4E3D-896D-942F697E08D2}.Debug|Any CPU.Build.0 = Debug|Any CPU
		{977A7F9C-5A9A-4E3D-896D-942F697E08D2}.Release|Any CPU.ActiveCfg = Release|Any CPU
		{977A7F9C-5A9A-4E3D-896D-942F697E08D2}.Release|Any CPU.Build.0 = Release|Any CPU
		{BBEB0BF9-407E-434A-AD13-A00B036E345B}.Debug|Any CPU.ActiveCfg = Debug|Any CPU
		{BBEB0BF9-407E-434A-AD13-A00B036E345B}.Debug|Any CPU.Build.0 = Debug|Any CPU
		{BBEB0BF9-407E-434A-AD13-A00B036E345B}.Release|Any CPU.ActiveCfg = Release|Any CPU
		{BBEB0BF9-407E-434A-AD13-A00B036E345B}.Release|Any CPU.Build.0 = Release|Any CPU
		{5C90545F-0784-4140-BEE8-5857D89844B0}.Debug|Any CPU.ActiveCfg = Debug|Any CPU
		{5C90545F-0784-4140-BEE8-5857D89844B0}.Debug|Any CPU.Build.0 = Debug|Any CPU
		{5C90545F-0784-4140-BEE8-5857D89844B0}.Release|Any CPU.ActiveCfg = Release|Any CPU
		{5C90545F-0784-4140-BEE8-5857D89844B0}.Release|Any CPU.Build.0 = Release|Any CPU
		{2A3ECA92-4B96-46B6-AB87-42C049CD648A}.Debug|Any CPU.ActiveCfg = Debug|Any CPU
		{2A3ECA92-4B96-46B6-AB87-42C049CD648A}.Debug|Any CPU.Build.0 = Debug|Any CPU
		{2A3ECA92-4B96-46B6-AB87-42C049CD648A}.Release|Any CPU.ActiveCfg = Release|Any CPU
		{2A3ECA92-4B96-46B6-AB87-42C049CD648A}.Release|Any CPU.Build.0 = Release|Any CPU
		{FDD5875D-6798-471E-8C04-15325D56B6F1}.Debug|Any CPU.ActiveCfg = Debug|Any CPU
		{FDD5875D-6798-471E-8C04-15325D56B6F1}.Debug|Any CPU.Build.0 = Debug|Any CPU
		{FDD5875D-6798-471E-8C04-15325D56B6F1}.Release|Any CPU.ActiveCfg = Release|Any CPU
		{FDD5875D-6798-471E-8C04-15325D56B6F1}.Release|Any CPU.Build.0 = Release|Any CPU
		{BF0BAE13-8E92-421D-8AFE-4851E869E2C2}.Debug|Any CPU.ActiveCfg = Debug|Any CPU
		{BF0BAE13-8E92-421D-8AFE-4851E869E2C2}.Debug|Any CPU.Build.0 = Debug|Any CPU
		{BF0BAE13-8E92-421D-8AFE-4851E869E2C2}.Release|Any CPU.ActiveCfg = Release|Any CPU
		{BF0BAE13-8E92-421D-8AFE-4851E869E2C2}.Release|Any CPU.Build.0 = Release|Any CPU
		{023B77D6-9F63-45DE-8B57-5EE3BECC9EC9}.Debug|Any CPU.ActiveCfg = Debug|Any CPU
		{023B77D6-9F63-45DE-8B57-5EE3BECC9EC9}.Debug|Any CPU.Build.0 = Debug|Any CPU
		{023B77D6-9F63-45DE-8B57-5EE3BECC9EC9}.Release|Any CPU.ActiveCfg = Release|Any CPU
		{023B77D6-9F63-45DE-8B57-5EE3BECC9EC9}.Release|Any CPU.Build.0 = Release|Any CPU
		{C484F6E3-6ED5-40BB-AB9B-01867EA0F7B5}.Debug|Any CPU.ActiveCfg = Debug|Any CPU
		{C484F6E3-6ED5-40BB-AB9B-01867EA0F7B5}.Debug|Any CPU.Build.0 = Debug|Any CPU
		{C484F6E3-6ED5-40BB-AB9B-01867EA0F7B5}.Release|Any CPU.ActiveCfg = Release|Any CPU
		{C484F6E3-6ED5-40BB-AB9B-01867EA0F7B5}.Release|Any CPU.Build.0 = Release|Any CPU
	EndGlobalSection
	GlobalSection(SolutionProperties) = preSolution
		HideSolutionNode = FALSE
	EndGlobalSection
	GlobalSection(NestedProjects) = preSolution
		{DF3364E8-DE81-428F-9D3D-E745342EF390} = {5D500F2D-6D64-4BC7-A568-4EDAA694A6DD}
		{977A7F9C-5A9A-4E3D-896D-942F697E08D2} = {698DB8B8-BDD9-4DD2-A01C-952859590D22}
		{BBEB0BF9-407E-434A-AD13-A00B036E345B} = {698DB8B8-BDD9-4DD2-A01C-952859590D22}
		{5C90545F-0784-4140-BEE8-5857D89844B0} = {92824769-3369-44CC-A415-3D5CA3648026}
		{2A3ECA92-4B96-46B6-AB87-42C049CD648A} = {A1D332B9-C2E9-4ED8-8C72-A4BF23BF1A1A}
		{FDD5875D-6798-471E-8C04-15325D56B6F1} = {62BB20DF-ACAD-4D44-8C99-E59095CFFBE3}
		{BF0BAE13-8E92-421D-8AFE-4851E869E2C2} = {92824769-3369-44CC-A415-3D5CA3648026}
		{023B77D6-9F63-45DE-8B57-5EE3BECC9EC9} = {92824769-3369-44CC-A415-3D5CA3648026}
		{C484F6E3-6ED5-40BB-AB9B-01867EA0F7B5} = {92824769-3369-44CC-A415-3D5CA3648026}
	EndGlobalSection
	GlobalSection(ExtensibilityGlobals) = postSolution
		SolutionGuid = {1039D461-637D-4EBB-A431-12E0FC215399}
	EndGlobalSection
EndGlobal
